
Microsoft Visual Studio Solution File, Format Version 12.00
Project("{FAE04EC0-301F-11D3-BF4B-00C04F79EFBC}") = "FinalLab", "FinalLab\FinalLab.csproj", "{28074484-E6C2-4CCF-836B-5465E83070FF}"
EndProject
Project("{2150E333-8FDC-42A3-9474-1A3956D46DE8}") = "src", "src", "{4D35739A-6E85-46CA-9A46-961FD6CA40A7}"
EndProject
Project("{2150E333-8FDC-42A3-9474-1A3956D46DE8}") = "common", "common", "{80D97B63-A0D4-4CD1-A296-110EC0B791E4}"
EndProject
Project("{2150E333-8FDC-42A3-9474-1A3956D46DE8}") = "core", "core", "{D3570340-2CFE-49B1-9655-F698829151FD}"
EndProject
Project("{FAE04EC0-301F-11D3-BF4B-00C04F79EFBC}") = "Application", "Application\Application.csproj", "{AA72EC5A-AF7C-41FC-A769-6F6DD350174C}"
EndProject
Project("{FAE04EC0-301F-11D3-BF4B-00C04F79EFBC}") = "Domain", "Domain\Domain.csproj", "{A41CB384-93CC-436E-A260-0F91F3583C54}"
EndProject
Project("{2150E333-8FDC-42A3-9474-1A3956D46DE8}") = "Infrastructure", "Infrastructure", "{0F29059D-99D1-48DC-AC11-C39B4F727222}"
EndProject
Project("{FAE04EC0-301F-11D3-BF4B-00C04F79EFBC}") = "External", "External\External.csproj", "{523240E9-214C-4C89-A054-7D200678624C}"
EndProject
Project("{FAE04EC0-301F-11D3-BF4B-00C04F79EFBC}") = "Persistance", "Persistance\Persistance.csproj", "{C2C98282-6EFF-49CE-82D1-9A28AED0F6B5}"
EndProject
Project("{2150E333-8FDC-42A3-9474-1A3956D46DE8}") = "Presentation", "Presentation", "{DD3ADAE1-DB90-4BAC-B888-74F538D713D8}"
EndProject
Global
	GlobalSection(SolutionConfigurationPlatforms) = preSolution
		Debug|Any CPU = Debug|Any CPU
		Release|Any CPU = Release|Any CPU
	EndGlobalSection
	GlobalSection(ProjectConfigurationPlatforms) = postSolution
		{28074484-E6C2-4CCF-836B-5465E83070FF}.Debug|Any CPU.ActiveCfg = Debug|Any CPU
		{28074484-E6C2-4CCF-836B-5465E83070FF}.Debug|Any CPU.Build.0 = Debug|Any CPU
		{28074484-E6C2-4CCF-836B-5465E83070FF}.Release|Any CPU.ActiveCfg = Release|Any CPU
		{28074484-E6C2-4CCF-836B-5465E83070FF}.Release|Any CPU.Build.0 = Release|Any CPU
		{AA72EC5A-AF7C-41FC-A769-6F6DD350174C}.Debug|Any CPU.ActiveCfg = Debug|Any CPU
		{AA72EC5A-AF7C-41FC-A769-6F6DD350174C}.Debug|Any CPU.Build.0 = Debug|Any CPU
		{AA72EC5A-AF7C-41FC-A769-6F6DD350174C}.Release|Any CPU.ActiveCfg = Release|Any CPU
		{AA72EC5A-AF7C-41FC-A769-6F6DD350174C}.Release|Any CPU.Build.0 = Release|Any CPU
		{A41CB384-93CC-436E-A260-0F91F3583C54}.Debug|Any CPU.ActiveCfg = Debug|Any CPU
		{A41CB384-93CC-436E-A260-0F91F3583C54}.Debug|Any CPU.Build.0 = Debug|Any CPU
		{A41CB384-93CC-436E-A260-0F91F3583C54}.Release|Any CPU.ActiveCfg = Release|Any CPU
		{A41CB384-93CC-436E-A260-0F91F3583C54}.Release|Any CPU.Build.0 = Release|Any CPU
		{523240E9-214C-4C89-A054-7D200678624C}.Debug|Any CPU.ActiveCfg = Debug|Any CPU
		{523240E9-214C-4C89-A054-7D200678624C}.Debug|Any CPU.Build.0 = Debug|Any CPU
		{523240E9-214C-4C89-A054-7D200678624C}.Release|Any CPU.ActiveCfg = Release|Any CPU
		{523240E9-214C-4C89-A054-7D200678624C}.Release|Any CPU.Build.0 = Release|Any CPU
		{C2C98282-6EFF-49CE-82D1-9A28AED0F6B5}.Debug|Any CPU.ActiveCfg = Debug|Any CPU
		{C2C98282-6EFF-49CE-82D1-9A28AED0F6B5}.Debug|Any CPU.Build.0 = Debug|Any CPU
		{C2C98282-6EFF-49CE-82D1-9A28AED0F6B5}.Release|Any CPU.ActiveCfg = Release|Any CPU
		{C2C98282-6EFF-49CE-82D1-9A28AED0F6B5}.Release|Any CPU.Build.0 = Release|Any CPU
	EndGlobalSection
	GlobalSection(NestedProjects) = preSolution
		{AA72EC5A-AF7C-41FC-A769-6F6DD350174C} = {D3570340-2CFE-49B1-9655-F698829151FD}
		{A41CB384-93CC-436E-A260-0F91F3583C54} = {D3570340-2CFE-49B1-9655-F698829151FD}
		{523240E9-214C-4C89-A054-7D200678624C} = {0F29059D-99D1-48DC-AC11-C39B4F727222}
		{C2C98282-6EFF-49CE-82D1-9A28AED0F6B5} = {0F29059D-99D1-48DC-AC11-C39B4F727222}
		{28074484-E6C2-4CCF-836B-5465E83070FF} = {DD3ADAE1-DB90-4BAC-B888-74F538D713D8}
	EndGlobalSection
EndGlobal
